// !$*UTF8*$!
{
	archiveVersion = 1;
	classes = {
	};
	objectVersion = 50;
	objects = {

/* Begin PBXBuildFile section */
		E887EE4C250914290079A24D /* BenefitTestPOD.h in Headers */ = {isa = PBXBuildFile; fileRef = E887EE4A250914290079A24D /* BenefitTestPOD.h */; settings = {ATTRIBUTES = (Public, ); }; };
		E887EE59250914520079A24D /* AppDelegate.swift in Sources */ = {isa = PBXBuildFile; fileRef = E887EE58250914520079A24D /* AppDelegate.swift */; };
		E887EE5B250914520079A24D /* SceneDelegate.swift in Sources */ = {isa = PBXBuildFile; fileRef = E887EE5A250914520079A24D /* SceneDelegate.swift */; };
		E887EE5D250914520079A24D /* ViewController.swift in Sources */ = {isa = PBXBuildFile; fileRef = E887EE5C250914520079A24D /* ViewController.swift */; };
		E887EE60250914520079A24D /* Main.storyboard in Resources */ = {isa = PBXBuildFile; fileRef = E887EE5E250914520079A24D /* Main.storyboard */; };
		E887EE62250914540079A24D /* Assets.xcassets in Resources */ = {isa = PBXBuildFile; fileRef = E887EE61250914540079A24D /* Assets.xcassets */; };
		E887EE65250914540079A24D /* LaunchScreen.storyboard in Resources */ = {isa = PBXBuildFile; fileRef = E887EE63250914540079A24D /* LaunchScreen.storyboard */; };
		E887EE6B250914850079A24D /* BenefitTestPOD.framework in Frameworks */ = {isa = PBXBuildFile; fileRef = E887EE47250914290079A24D /* BenefitTestPOD.framework */; };
		E887EE6C250914850079A24D /* BenefitTestPOD.framework in Embed Frameworks */ = {isa = PBXBuildFile; fileRef = E887EE47250914290079A24D /* BenefitTestPOD.framework */; settings = {ATTRIBUTES = (CodeSignOnCopy, RemoveHeadersOnCopy, ); }; };
		E887EE76250914E70079A24D /* ShowBenefitViewController.swift in Sources */ = {isa = PBXBuildFile; fileRef = E887EE75250914E70079A24D /* ShowBenefitViewController.swift */; };
		E887EE77250915340079A24D /* BenefitInAppSDK.framework in Frameworks */ = {isa = PBXBuildFile; fileRef = E887EE70250914B20079A24D /* BenefitInAppSDK.framework */; };
		E887EE78250915340079A24D /* BenefitInAppSDK.framework in Embed Frameworks */ = {isa = PBXBuildFile; fileRef = E887EE70250914B20079A24D /* BenefitInAppSDK.framework */; settings = {ATTRIBUTES = (RemoveHeadersOnCopy, ); }; };
/* End PBXBuildFile section */

/* Begin PBXContainerItemProxy section */
		E887EE6D250914850079A24D /* PBXContainerItemProxy */ = {
			isa = PBXContainerItemProxy;
			containerPortal = E887EE3E250914290079A24D /* Project object */;
			proxyType = 1;
			remoteGlobalIDString = E887EE46250914290079A24D;
			remoteInfo = BenefitTestPOD;
		};
/* End PBXContainerItemProxy section */

/* Begin PBXCopyFilesBuildPhase section */
		E887EE6F250914850079A24D /* Embed Frameworks */ = {
			isa = PBXCopyFilesBuildPhase;
			buildActionMask = 2147483647;
			dstPath = "";
			dstSubfolderSpec = 10;
			files = (
				E887EE6C250914850079A24D /* BenefitTestPOD.framework in Embed Frameworks */,
			);
			name = "Embed Frameworks";
			runOnlyForDeploymentPostprocessing = 0;
		};
		E887EE79250915340079A24D /* Embed Frameworks */ = {
			isa = PBXCopyFilesBuildPhase;
			buildActionMask = 2147483647;
			dstPath = "";
			dstSubfolderSpec = 10;
			files = (
				E887EE78250915340079A24D /* BenefitInAppSDK.framework in Embed Frameworks */,
			);
			name = "Embed Frameworks";
			runOnlyForDeploymentPostprocessing = 0;
		};
/* End PBXCopyFilesBuildPhase section */

/* Begin PBXFileReference section */
		E887EE47250914290079A24D /* BenefitTestPOD.framework */ = {isa = PBXFileReference; explicitFileType = wrapper.framework; includeInIndex = 0; path = BenefitTestPOD.framework; sourceTree = BUILT_PRODUCTS_DIR; };
		E887EE4A250914290079A24D /* BenefitTestPOD.h */ = {isa = PBXFileReference; lastKnownFileType = sourcecode.c.h; path = BenefitTestPOD.h; sourceTree = "<group>"; };
		E887EE4B250914290079A24D /* Info.plist */ = {isa = PBXFileReference; lastKnownFileType = text.plist.xml; path = Info.plist; sourceTree = "<group>"; };
		E887EE56250914520079A24D /* TestPOD.app */ = {isa = PBXFileReference; explicitFileType = wrapper.application; includeInIndex = 0; path = TestPOD.app; sourceTree = BUILT_PRODUCTS_DIR; };
		E887EE58250914520079A24D /* AppDelegate.swift */ = {isa = PBXFileReference; lastKnownFileType = sourcecode.swift; path = AppDelegate.swift; sourceTree = "<group>"; };
		E887EE5A250914520079A24D /* SceneDelegate.swift */ = {isa = PBXFileReference; lastKnownFileType = sourcecode.swift; path = SceneDelegate.swift; sourceTree = "<group>"; };
		E887EE5C250914520079A24D /* ViewController.swift */ = {isa = PBXFileReference; lastKnownFileType = sourcecode.swift; path = ViewController.swift; sourceTree = "<group>"; };
		E887EE5F250914520079A24D /* Base */ = {isa = PBXFileReference; lastKnownFileType = file.storyboard; name = Base; path = Base.lproj/Main.storyboard; sourceTree = "<group>"; };
		E887EE61250914540079A24D /* Assets.xcassets */ = {isa = PBXFileReference; lastKnownFileType = folder.assetcatalog; path = Assets.xcassets; sourceTree = "<group>"; };
		E887EE64250914540079A24D /* Base */ = {isa = PBXFileReference; lastKnownFileType = file.storyboard; name = Base; path = Base.lproj/LaunchScreen.storyboard; sourceTree = "<group>"; };
		E887EE66250914540079A24D /* Info.plist */ = {isa = PBXFileReference; lastKnownFileType = text.plist.xml; path = Info.plist; sourceTree = "<group>"; };
		E887EE70250914B20079A24D /* BenefitInAppSDK.framework */ = {isa = PBXFileReference; lastKnownFileType = wrapper.framework; path = BenefitInAppSDK.framework; sourceTree = "<group>"; };
		E887EE75250914E70079A24D /* ShowBenefitViewController.swift */ = {isa = PBXFileReference; lastKnownFileType = sourcecode.swift; path = ShowBenefitViewController.swift; sourceTree = "<group>"; };
/* End PBXFileReference section */

/* Begin PBXFrameworksBuildPhase section */
		E887EE44250914290079A24D /* Frameworks */ = {
			isa = PBXFrameworksBuildPhase;
			buildActionMask = 2147483647;
			files = (
				E887EE77250915340079A24D /* BenefitInAppSDK.framework in Frameworks */,
			);
			runOnlyForDeploymentPostprocessing = 0;
		};
		E887EE53250914520079A24D /* Frameworks */ = {
			isa = PBXFrameworksBuildPhase;
			buildActionMask = 2147483647;
			files = (
				E887EE6B250914850079A24D /* BenefitTestPOD.framework in Frameworks */,
			);
			runOnlyForDeploymentPostprocessing = 0;
		};
/* End PBXFrameworksBuildPhase section */

/* Begin PBXGroup section */
		E887EE3D250914290079A24D = {
			isa = PBXGroup;
			children = (
				E887EE49250914290079A24D /* BenefitTestPOD */,
				E887EE57250914520079A24D /* TestPOD */,
				E887EE48250914290079A24D /* Products */,
				E887EE6A250914850079A24D /* Frameworks */,
			);
			sourceTree = "<group>";
		};
		E887EE48250914290079A24D /* Products */ = {
			isa = PBXGroup;
			children = (
				E887EE47250914290079A24D /* BenefitTestPOD.framework */,
				E887EE56250914520079A24D /* TestPOD.app */,
			);
			name = Products;
			sourceTree = "<group>";
		};
		E887EE49250914290079A24D /* BenefitTestPOD */ = {
			isa = PBXGroup;
			children = (
				E887EE72250914BC0079A24D /* Core */,
				E887EE4A250914290079A24D /* BenefitTestPOD.h */,
				E887EE4B250914290079A24D /* Info.plist */,
			);
			path = BenefitTestPOD;
			sourceTree = "<group>";
		};
		E887EE57250914520079A24D /* TestPOD */ = {
			isa = PBXGroup;
			children = (
				E887EE58250914520079A24D /* AppDelegate.swift */,
				E887EE5A250914520079A24D /* SceneDelegate.swift */,
				E887EE5C250914520079A24D /* ViewController.swift */,
				E887EE5E250914520079A24D /* Main.storyboard */,
				E887EE61250914540079A24D /* Assets.xcassets */,
				E887EE63250914540079A24D /* LaunchScreen.storyboard */,
				E887EE66250914540079A24D /* Info.plist */,
			);
			path = TestPOD;
			sourceTree = "<group>";
		};
		E887EE6A250914850079A24D /* Frameworks */ = {
			isa = PBXGroup;
			children = (
			);
			name = Frameworks;
			sourceTree = "<group>";
		};
		E887EE72250914BC0079A24D /* Core */ = {
			isa = PBXGroup;
			children = (
				E887EE74250914CC0079A24D /* Testing */,
				E887EE73250914C10079A24D /* Resources */,
			);
			path = Core;
			sourceTree = "<group>";
		};
		E887EE73250914C10079A24D /* Resources */ = {
			isa = PBXGroup;
			children = (
				E887EE70250914B20079A24D /* BenefitInAppSDK.framework */,
			);
			path = Resources;
			sourceTree = "<group>";
		};
		E887EE74250914CC0079A24D /* Testing */ = {
			isa = PBXGroup;
			children = (
				E887EE75250914E70079A24D /* ShowBenefitViewController.swift */,
			);
			path = Testing;
			sourceTree = "<group>";
		};
/* End PBXGroup section */

/* Begin PBXHeadersBuildPhase section */
		E887EE42250914290079A24D /* Headers */ = {
			isa = PBXHeadersBuildPhase;
			buildActionMask = 2147483647;
			files = (
				E887EE4C250914290079A24D /* BenefitTestPOD.h in Headers */,
			);
			runOnlyForDeploymentPostprocessing = 0;
		};
/* End PBXHeadersBuildPhase section */

/* Begin PBXNativeTarget section */
		E887EE46250914290079A24D /* BenefitTestPOD */ = {
			isa = PBXNativeTarget;
			buildConfigurationList = E887EE4F250914290079A24D /* Build configuration list for PBXNativeTarget "BenefitTestPOD" */;
			buildPhases = (
				E887EE42250914290079A24D /* Headers */,
				E887EE43250914290079A24D /* Sources */,
				E887EE44250914290079A24D /* Frameworks */,
				E887EE45250914290079A24D /* Resources */,
				E887EE79250915340079A24D /* Embed Frameworks */,
			);
			buildRules = (
			);
			dependencies = (
			);
			name = BenefitTestPOD;
			productName = BenefitTestPOD;
			productReference = E887EE47250914290079A24D /* BenefitTestPOD.framework */;
			productType = "com.apple.product-type.framework";
		};
		E887EE55250914520079A24D /* TestPOD */ = {
			isa = PBXNativeTarget;
			buildConfigurationList = E887EE67250914540079A24D /* Build configuration list for PBXNativeTarget "TestPOD" */;
			buildPhases = (
				E887EE52250914520079A24D /* Sources */,
				E887EE53250914520079A24D /* Frameworks */,
				E887EE54250914520079A24D /* Resources */,
				E887EE6F250914850079A24D /* Embed Frameworks */,
			);
			buildRules = (
			);
			dependencies = (
				E887EE6E250914850079A24D /* PBXTargetDependency */,
			);
			name = TestPOD;
			productName = TestPOD;
			productReference = E887EE56250914520079A24D /* TestPOD.app */;
			productType = "com.apple.product-type.application";
		};
/* End PBXNativeTarget section */

/* Begin PBXProject section */
		E887EE3E250914290079A24D /* Project object */ = {
			isa = PBXProject;
			attributes = {
				LastSwiftUpdateCheck = 1160;
				LastUpgradeCheck = 1160;
				ORGANIZATIONNAME = "Tap Payments";
				TargetAttributes = {
					E887EE46250914290079A24D = {
						CreatedOnToolsVersion = 11.6;
						LastSwiftMigration = 1160;
					};
					E887EE55250914520079A24D = {
						CreatedOnToolsVersion = 11.6;
					};
				};
			};
			buildConfigurationList = E887EE41250914290079A24D /* Build configuration list for PBXProject "BenefitTestPOD" */;
			compatibilityVersion = "Xcode 9.3";
			developmentRegion = en;
			hasScannedForEncodings = 0;
			knownRegions = (
				en,
				Base,
			);
			mainGroup = E887EE3D250914290079A24D;
			productRefGroup = E887EE48250914290079A24D /* Products */;
			projectDirPath = "";
			projectRoot = "";
			targets = (
				E887EE46250914290079A24D /* BenefitTestPOD */,
				E887EE55250914520079A24D /* TestPOD */,
			);
		};
/* End PBXProject section */

/* Begin PBXResourcesBuildPhase section */
		E887EE45250914290079A24D /* Resources */ = {
			isa = PBXResourcesBuildPhase;
			buildActionMask = 2147483647;
			files = (
			);
			runOnlyForDeploymentPostprocessing = 0;
		};
		E887EE54250914520079A24D /* Resources */ = {
			isa = PBXResourcesBuildPhase;
			buildActionMask = 2147483647;
			files = (
				E887EE65250914540079A24D /* LaunchScreen.storyboard in Resources */,
				E887EE62250914540079A24D /* Assets.xcassets in Resources */,
				E887EE60250914520079A24D /* Main.storyboard in Resources */,
			);
			runOnlyForDeploymentPostprocessing = 0;
		};
/* End PBXResourcesBuildPhase section */

/* Begin PBXSourcesBuildPhase section */
		E887EE43250914290079A24D /* Sources */ = {
			isa = PBXSourcesBuildPhase;
			buildActionMask = 2147483647;
			files = (
				E887EE76250914E70079A24D /* ShowBenefitViewController.swift in Sources */,
			);
			runOnlyForDeploymentPostprocessing = 0;
		};
		E887EE52250914520079A24D /* Sources */ = {
			isa = PBXSourcesBuildPhase;
			buildActionMask = 2147483647;
			files = (
				E887EE5D250914520079A24D /* ViewController.swift in Sources */,
				E887EE59250914520079A24D /* AppDelegate.swift in Sources */,
				E887EE5B250914520079A24D /* SceneDelegate.swift in Sources */,
			);
			runOnlyForDeploymentPostprocessing = 0;
		};
/* End PBXSourcesBuildPhase section */

/* Begin PBXTargetDependency section */
		E887EE6E250914850079A24D /* PBXTargetDependency */ = {
			isa = PBXTargetDependency;
			target = E887EE46250914290079A24D /* BenefitTestPOD */;
			targetProxy = E887EE6D250914850079A24D /* PBXContainerItemProxy */;
		};
/* End PBXTargetDependency section */

/* Begin PBXVariantGroup section */
		E887EE5E250914520079A24D /* Main.storyboard */ = {
			isa = PBXVariantGroup;
			children = (
				E887EE5F250914520079A24D /* Base */,
			);
			name = Main.storyboard;
			sourceTree = "<group>";
		};
		E887EE63250914540079A24D /* LaunchScreen.storyboard */ = {
			isa = PBXVariantGroup;
			children = (
				E887EE64250914540079A24D /* Base */,
			);
			name = LaunchScreen.storyboard;
			sourceTree = "<group>";
		};
/* End PBXVariantGroup section */

/* Begin XCBuildConfiguration section */
		E887EE4D250914290079A24D /* Debug */ = {
			isa = XCBuildConfiguration;
			buildSettings = {
				ALWAYS_SEARCH_USER_PATHS = NO;
				CLANG_ANALYZER_NONNULL = YES;
				CLANG_ANALYZER_NUMBER_OBJECT_CONVERSION = YES_AGGRESSIVE;
				CLANG_CXX_LANGUAGE_STANDARD = "gnu++14";
				CLANG_CXX_LIBRARY = "libc++";
				CLANG_ENABLE_MODULES = YES;
				CLANG_ENABLE_OBJC_ARC = YES;
				CLANG_ENABLE_OBJC_WEAK = YES;
				CLANG_WARN_BLOCK_CAPTURE_AUTORELEASING = YES;
				CLANG_WARN_BOOL_CONVERSION = YES;
				CLANG_WARN_COMMA = YES;
				CLANG_WARN_CONSTANT_CONVERSION = YES;
				CLANG_WARN_DEPRECATED_OBJC_IMPLEMENTATIONS = YES;
				CLANG_WARN_DIRECT_OBJC_ISA_USAGE = YES_ERROR;
				CLANG_WARN_DOCUMENTATION_COMMENTS = YES;
				CLANG_WARN_EMPTY_BODY = YES;
				CLANG_WARN_ENUM_CONVERSION = YES;
				CLANG_WARN_INFINITE_RECURSION = YES;
				CLANG_WARN_INT_CONVERSION = YES;
				CLANG_WARN_NON_LITERAL_NULL_CONVERSION = YES;
				CLANG_WARN_OBJC_IMPLICIT_RETAIN_SELF = YES;
				CLANG_WARN_OBJC_LITERAL_CONVERSION = YES;
				CLANG_WARN_OBJC_ROOT_CLASS = YES_ERROR;
				CLANG_WARN_RANGE_LOOP_ANALYSIS = YES;
				CLANG_WARN_STRICT_PROTOTYPES = YES;
				CLANG_WARN_SUSPICIOUS_MOVE = YES;
				CLANG_WARN_UNGUARDED_AVAILABILITY = YES_AGGRESSIVE;
				CLANG_WARN_UNREACHABLE_CODE = YES;
				CLANG_WARN__DUPLICATE_METHOD_MATCH = YES;
				COPY_PHASE_STRIP = NO;
				CURRENT_PROJECT_VERSION = 1;
				DEBUG_INFORMATION_FORMAT = dwarf;
				ENABLE_STRICT_OBJC_MSGSEND = YES;
				ENABLE_TESTABILITY = YES;
				GCC_C_LANGUAGE_STANDARD = gnu11;
				GCC_DYNAMIC_NO_PIC = NO;
				GCC_NO_COMMON_BLOCKS = YES;
				GCC_OPTIMIZATION_LEVEL = 0;
				GCC_PREPROCESSOR_DEFINITIONS = (
					"DEBUG=1",
					"$(inherited)",
				);
				GCC_WARN_64_TO_32_BIT_CONVERSION = YES;
				GCC_WARN_ABOUT_RETURN_TYPE = YES_ERROR;
				GCC_WARN_UNDECLARED_SELECTOR = YES;
				GCC_WARN_UNINITIALIZED_AUTOS = YES_AGGRESSIVE;
				GCC_WARN_UNUSED_FUNCTION = YES;
				GCC_WARN_UNUSED_VARIABLE = YES;
				IPHONEOS_DEPLOYMENT_TARGET = 13.6;
				MTL_ENABLE_DEBUG_INFO = INCLUDE_SOURCE;
				MTL_FAST_MATH = YES;
				ONLY_ACTIVE_ARCH = YES;
				SDKROOT = iphoneos;
				SWIFT_ACTIVE_COMPILATION_CONDITIONS = DEBUG;
				SWIFT_OPTIMIZATION_LEVEL = "-Onone";
				VERSIONING_SYSTEM = "apple-generic";
				VERSION_INFO_PREFIX = "";
			};
			name = Debug;
		};
		E887EE4E250914290079A24D /* Release */ = {
			isa = XCBuildConfiguration;
			buildSettings = {
				ALWAYS_SEARCH_USER_PATHS = NO;
				CLANG_ANALYZER_NONNULL = YES;
				CLANG_ANALYZER_NUMBER_OBJECT_CONVERSION = YES_AGGRESSIVE;
				CLANG_CXX_LANGUAGE_STANDARD = "gnu++14";
				CLANG_CXX_LIBRARY = "libc++";
				CLANG_ENABLE_MODULES = YES;
				CLANG_ENABLE_OBJC_ARC = YES;
				CLANG_ENABLE_OBJC_WEAK = YES;
				CLANG_WARN_BLOCK_CAPTURE_AUTORELEASING = YES;
				CLANG_WARN_BOOL_CONVERSION = YES;
				CLANG_WARN_COMMA = YES;
				CLANG_WARN_CONSTANT_CONVERSION = YES;
				CLANG_WARN_DEPRECATED_OBJC_IMPLEMENTATIONS = YES;
				CLANG_WARN_DIRECT_OBJC_ISA_USAGE = YES_ERROR;
				CLANG_WARN_DOCUMENTATION_COMMENTS = YES;
				CLANG_WARN_EMPTY_BODY = YES;
				CLANG_WARN_ENUM_CONVERSION = YES;
				CLANG_WARN_INFINITE_RECURSION = YES;
				CLANG_WARN_INT_CONVERSION = YES;
				CLANG_WARN_NON_LITERAL_NULL_CONVERSION = YES;
				CLANG_WARN_OBJC_IMPLICIT_RETAIN_SELF = YES;
				CLANG_WARN_OBJC_LITERAL_CONVERSION = YES;
				CLANG_WARN_OBJC_ROOT_CLASS = YES_ERROR;
				CLANG_WARN_RANGE_LOOP_ANALYSIS = YES;
				CLANG_WARN_STRICT_PROTOTYPES = YES;
				CLANG_WARN_SUSPICIOUS_MOVE = YES;
				CLANG_WARN_UNGUARDED_AVAILABILITY = YES_AGGRESSIVE;
				CLANG_WARN_UNREACHABLE_CODE = YES;
				CLANG_WARN__DUPLICATE_METHOD_MATCH = YES;
				COPY_PHASE_STRIP = NO;
				CURRENT_PROJECT_VERSION = 1;
				DEBUG_INFORMATION_FORMAT = "dwarf-with-dsym";
				ENABLE_NS_ASSERTIONS = NO;
				ENABLE_STRICT_OBJC_MSGSEND = YES;
				GCC_C_LANGUAGE_STANDARD = gnu11;
				GCC_NO_COMMON_BLOCKS = YES;
				GCC_WARN_64_TO_32_BIT_CONVERSION = YES;
				GCC_WARN_ABOUT_RETURN_TYPE = YES_ERROR;
				GCC_WARN_UNDECLARED_SELECTOR = YES;
				GCC_WARN_UNINITIALIZED_AUTOS = YES_AGGRESSIVE;
				GCC_WARN_UNUSED_FUNCTION = YES;
				GCC_WARN_UNUSED_VARIABLE = YES;
				IPHONEOS_DEPLOYMENT_TARGET = 13.6;
				MTL_ENABLE_DEBUG_INFO = NO;
				MTL_FAST_MATH = YES;
				SDKROOT = iphoneos;
				SWIFT_COMPILATION_MODE = wholemodule;
				SWIFT_OPTIMIZATION_LEVEL = "-O";
				VALIDATE_PRODUCT = YES;
				VERSIONING_SYSTEM = "apple-generic";
				VERSION_INFO_PREFIX = "";
			};
			name = Release;
		};
		E887EE50250914290079A24D /* Debug */ = {
			isa = XCBuildConfiguration;
			buildSettings = {
				CLANG_ENABLE_MODULES = YES;
				CODE_SIGN_STYLE = Automatic;
				DEFINES_MODULE = YES;
				DEVELOPMENT_TEAM = G46S76PUH4;
				DYLIB_COMPATIBILITY_VERSION = 1;
				DYLIB_CURRENT_VERSION = 1;
				DYLIB_INSTALL_NAME_BASE = "@rpath";
				FRAMEWORK_SEARCH_PATHS = (
					"$(inherited)",
					"$(PROJECT_DIR)/BenefitTestPOD",
					"$(PROJECT_DIR)/BenefitTestPOD/Core/Resources",
				);
				INFOPLIST_FILE = BenefitTestPOD/Info.plist;
				INSTALL_PATH = "$(LOCAL_LIBRARY_DIR)/Frameworks";
				IPHONEOS_DEPLOYMENT_TARGET = 13.0;
				LD_RUNPATH_SEARCH_PATHS = (
					"$(inherited)",
					"@executable_path/Frameworks",
					"@loader_path/Frameworks",
				);
				PRODUCT_BUNDLE_IDENTIFIER = tap.BenefitTestPOD;
				PRODUCT_NAME = "$(TARGET_NAME:c99extidentifier)";
				SKIP_INSTALL = YES;
				SUPPORTS_MACCATALYST = NO;
				SWIFT_OPTIMIZATION_LEVEL = "-Onone";
				SWIFT_VERSION = 5.0;
				TARGETED_DEVICE_FAMILY = 1;
			};
			name = Debug;
		};
		E887EE51250914290079A24D /* Release */ = {
			isa = XCBuildConfiguration;
			buildSettings = {
				CLANG_ENABLE_MODULES = YES;
				CODE_SIGN_STYLE = Automatic;
				DEFINES_MODULE = YES;
				DEVELOPMENT_TEAM = G46S76PUH4;
				DYLIB_COMPATIBILITY_VERSION = 1;
				DYLIB_CURRENT_VERSION = 1;
				DYLIB_INSTALL_NAME_BASE = "@rpath";
				FRAMEWORK_SEARCH_PATHS = (
					"$(inherited)",
					"$(PROJECT_DIR)/BenefitTestPOD",
					"$(PROJECT_DIR)/BenefitTestPOD/Core/Resources",
				);
				INFOPLIST_FILE = BenefitTestPOD/Info.plist;
				INSTALL_PATH = "$(LOCAL_LIBRARY_DIR)/Frameworks";
				IPHONEOS_DEPLOYMENT_TARGET = 13.0;
				LD_RUNPATH_SEARCH_PATHS = (
					"$(inherited)",
					"@executable_path/Frameworks",
					"@loader_path/Frameworks",
				);
				PRODUCT_BUNDLE_IDENTIFIER = tap.BenefitTestPOD;
				PRODUCT_NAME = "$(TARGET_NAME:c99extidentifier)";
				SKIP_INSTALL = YES;
				SUPPORTS_MACCATALYST = NO;
				SWIFT_VERSION = 5.0;
				TARGETED_DEVICE_FAMILY = 1;
			};
			name = Release;
		};
		E887EE68250914540079A24D /* Debug */ = {
			isa = XCBuildConfiguration;
			buildSettings = {
				ALWAYS_EMBED_SWIFT_STANDARD_LIBRARIES = YES;
				ASSETCATALOG_COMPILER_APPICON_NAME = AppIcon;
				CODE_SIGN_STYLE = Automatic;
				DEVELOPMENT_TEAM = G46S76PUH4;
				INFOPLIST_FILE = TestPOD/Info.plist;
				IPHONEOS_DEPLOYMENT_TARGET = 13.0;
				LD_RUNPATH_SEARCH_PATHS = (
					"$(inherited)",
					"@executable_path/Frameworks",
				);
				PRODUCT_BUNDLE_IDENTIFIER = tap.TestPOD;
				PRODUCT_NAME = "$(TARGET_NAME)";
				SWIFT_VERSION = 5.0;
				TARGETED_DEVICE_FAMILY = 1;
			};
			name = Debug;
		};
		E887EE69250914540079A24D /* Release */ = {
			isa = XCBuildConfiguration;
			buildSettings = {
				ALWAYS_EMBED_SWIFT_STANDARD_LIBRARIES = YES;
				ASSETCATALOG_COMPILER_APPICON_NAME = AppIcon;
				CODE_SIGN_STYLE = Automatic;
				DEVELOPMENT_TEAM = G46S76PUH4;
				INFOPLIST_FILE = TestPOD/Info.plist;
				IPHONEOS_DEPLOYMENT_TARGET = 13.0;
				LD_RUNPATH_SEARCH_PATHS = (
					"$(inherited)",
					"@executable_path/Frameworks",
				);
				PRODUCT_BUNDLE_IDENTIFIER = tap.TestPOD;
				PRODUCT_NAME = "$(TARGET_NAME)";
				SWIFT_VERSION = 5.0;
				TARGETED_DEVICE_FAMILY = 1;
			};
			name = Release;
		};
/* End XCBuildConfiguration section */

/* Begin XCConfigurationList section */
		E887EE41250914290079A24D /* Build configuration list for PBXProject "BenefitTestPOD" */ = {
			isa = XCConfigurationList;
			buildConfigurations = (
				E887EE4D250914290079A24D /* Debug */,
				E887EE4E250914290079A24D /* Release */,
			);
			defaultConfigurationIsVisible = 0;
			defaultConfigurationName = Release;
		};
		E887EE4F250914290079A24D /* Build configuration list for PBXNativeTarget "BenefitTestPOD" */ = {
			isa = XCConfigurationList;
			buildConfigurations = (
				E887EE50250914290079A24D /* Debug */,
				E887EE51250914290079A24D /* Release */,
			);
			defaultConfigurationIsVisible = 0;
			defaultConfigurationName = Release;
		};
		E887EE67250914540079A24D /* Build configuration list for PBXNativeTarget "TestPOD" */ = {
			isa = XCConfigurationList;
			buildConfigurations = (
				E887EE68250914540079A24D /* Debug */,
				E887EE69250914540079A24D /* Release */,
			);
			defaultConfigurationIsVisible = 0;
			defaultConfigurationName = Release;
		};
/* End XCConfigurationList section */
	};
	rootObject = E887EE3E250914290079A24D /* Project object */;
}
